
Microsoft Visual Studio Solution File, Format Version 12.00
# Visual Studio Version 16
VisualStudioVersion = 16.0.32407.337
MinimumVisualStudioVersion = 10.0.40219.1
Project("{9A19103F-16F7-4668-BE54-9A1E7A4F7556}") = "AdvanceTestWithPageObjectModel", "TestProject3\AdvanceTestWithPageObjectModel.csproj", "{211EAEC2-0DBF-4A98-BA26-362CC678044C}"
EndProject
Global
	GlobalSection(SolutionConfigurationPlatforms) = preSolution
		Debug|Any CPU = Debug|Any CPU
		Release|Any CPU = Release|Any CPU
	EndGlobalSection
	GlobalSection(ProjectConfigurationPlatforms) = postSolution
		{211EAEC2-0DBF-4A98-BA26-362CC678044C}.Debug|Any CPU.ActiveCfg = Debug|Any CPU
		{211EAEC2-0DBF-4A98-BA26-362CC678044C}.Debug|Any CPU.Build.0 = Debug|Any CPU
		{211EAEC2-0DBF-4A98-BA26-362CC678044C}.Release|Any CPU.ActiveCfg = Release|Any CPU
		{211EAEC2-0DBF-4A98-BA26-362CC678044C}.Release|Any CPU.Build.0 = Release|Any CPU
	EndGlobalSection
	GlobalSection(SolutionProperties) = preSolution
		HideSolutionNode = FALSE
	EndGlobalSection
	GlobalSection(ExtensibilityGlobals) = postSolution
		SolutionGuid = {D176488A-F93C-4B08-8A3E-4E5312CB8105}
	EndGlobalSection
EndGlobal
